
Microsoft Visual Studio Solution File, Format Version 12.00
# Visual Studio 15
VisualStudioVersion = 15.0.28307.1082
MinimumVisualStudioVersion = 10.0.40219.1
Project("{FAE04EC0-301F-11D3-BF4B-00C04F79EFBC}") = "BaseLib", "BaseLib\BaseLib.csproj", "{35362A61-0828-4775-88C7-7B36A4AEA79B}"
EndProject
Project("{FAE04EC0-301F-11D3-BF4B-00C04F79EFBC}") = "DataService", "DataService\DataService.csproj", "{D4E63771-DCCD-4ADB-9EBC-E92FF5D56683}"
EndProject
Project("{FAE04EC0-301F-11D3-BF4B-00C04F79EFBC}") = "SPORT_WEB", "SPORT_WEB\SPORT_WEB.csproj", "{0A191F76-E11D-4B59-B309-1BA60AD19485}"
EndProject
Global
	GlobalSection(SolutionConfigurationPlatforms) = preSolution
		Debug|Any CPU = Debug|Any CPU
		Release|Any CPU = Release|Any CPU
	EndGlobalSection
	GlobalSection(ProjectConfigurationPlatforms) = postSolution
		{35362A61-0828-4775-88C7-7B36A4AEA79B}.Debug|Any CPU.ActiveCfg = Debug|Any CPU
		{35362A61-0828-4775-88C7-7B36A4AEA79B}.Debug|Any CPU.Build.0 = Debug|Any CPU
		{35362A61-0828-4775-88C7-7B36A4AEA79B}.Release|Any CPU.ActiveCfg = Release|Any CPU
		{35362A61-0828-4775-88C7-7B36A4AEA79B}.Release|Any CPU.Build.0 = Release|Any CPU
		{D4E63771-DCCD-4ADB-9EBC-E92FF5D56683}.Debug|Any CPU.ActiveCfg = Debug|Any CPU
		{D4E63771-DCCD-4ADB-9EBC-E92FF5D56683}.Debug|Any CPU.Build.0 = Debug|Any CPU
		{D4E63771-DCCD-4ADB-9EBC-E92FF5D56683}.Release|Any CPU.ActiveCfg = Release|Any CPU
		{D4E63771-DCCD-4ADB-9EBC-E92FF5D56683}.Release|Any CPU.Build.0 = Release|Any CPU
		{0A191F76-E11D-4B59-B309-1BA60AD19485}.Debug|Any CPU.ActiveCfg = Debug|Any CPU
		{0A191F76-E11D-4B59-B309-1BA60AD19485}.Debug|Any CPU.Build.0 = Debug|Any CPU
		{0A191F76-E11D-4B59-B309-1BA60AD19485}.Release|Any CPU.ActiveCfg = Release|Any CPU
		{0A191F76-E11D-4B59-B309-1BA60AD19485}.Release|Any CPU.Build.0 = Release|Any CPU
	EndGlobalSection
	GlobalSection(SolutionProperties) = preSolution
		HideSolutionNode = FALSE
	EndGlobalSection
	GlobalSection(ExtensibilityGlobals) = postSolution
		SolutionGuid = {4936E005-DE7E-46F7-8CEC-2B95E5D88D77}
	EndGlobalSection
EndGlobal
